// !$*UTF8*$!
{
	archiveVersion = 1;
	classes = {
	};
	objectVersion = 55;
	objects = {

/* Begin PBXBuildFile section */
		98A224CF29BF2C2F00695A71 /* AppDelegate.swift in Sources */ = {isa = PBXBuildFile; fileRef = 98A224CE29BF2C2F00695A71 /* AppDelegate.swift */; };
		98A224D129BF2C2F00695A71 /* SceneDelegate.swift in Sources */ = {isa = PBXBuildFile; fileRef = 98A224D029BF2C2F00695A71 /* SceneDelegate.swift */; };
		98A224D329BF2C2F00695A71 /* ViewController.swift in Sources */ = {isa = PBXBuildFile; fileRef = 98A224D229BF2C2F00695A71 /* ViewController.swift */; };
		98A224D629BF2C2F00695A71 /* Main.storyboard in Resources */ = {isa = PBXBuildFile; fileRef = 98A224D429BF2C2F00695A71 /* Main.storyboard */; };
		98A224D829BF2C3100695A71 /* Assets.xcassets in Resources */ = {isa = PBXBuildFile; fileRef = 98A224D729BF2C3100695A71 /* Assets.xcassets */; };
		98A224DB29BF2C3100695A71 /* LaunchScreen.storyboard in Resources */ = {isa = PBXBuildFile; fileRef = 98A224D929BF2C3100695A71 /* LaunchScreen.storyboard */; };
		98A224E629BF2C3100695A71 /* FurnisTests.swift in Sources */ = {isa = PBXBuildFile; fileRef = 98A224E529BF2C3100695A71 /* FurnisTests.swift */; };
		98A224F029BF2C3100695A71 /* FurnisUITests.swift in Sources */ = {isa = PBXBuildFile; fileRef = 98A224EF29BF2C3100695A71 /* FurnisUITests.swift */; };
		98A224F229BF2C3100695A71 /* FurnisUITestsLaunchTests.swift in Sources */ = {isa = PBXBuildFile; fileRef = 98A224F129BF2C3100695A71 /* FurnisUITestsLaunchTests.swift */; };
/* End PBXBuildFile section */

/* Begin PBXContainerItemProxy section */
		98A224E229BF2C3100695A71 /* PBXContainerItemProxy */ = {
			isa = PBXContainerItemProxy;
			containerPortal = 98A224C329BF2C2F00695A71 /* Project object */;
			proxyType = 1;
			remoteGlobalIDString = 98A224CA29BF2C2F00695A71;
			remoteInfo = Furnis;
		};
		98A224EC29BF2C3100695A71 /* PBXContainerItemProxy */ = {
			isa = PBXContainerItemProxy;
			containerPortal = 98A224C329BF2C2F00695A71 /* Project object */;
			proxyType = 1;
			remoteGlobalIDString = 98A224CA29BF2C2F00695A71;
			remoteInfo = Furnis;
		};
/* End PBXContainerItemProxy section */

/* Begin PBXFileReference section */
		98A224CB29BF2C2F00695A71 /* Furnis.app */ = {isa = PBXFileReference; explicitFileType = wrapper.application; includeInIndex = 0; path = Furnis.app; sourceTree = BUILT_PRODUCTS_DIR; };
		98A224CE29BF2C2F00695A71 /* AppDelegate.swift */ = {isa = PBXFileReference; lastKnownFileType = sourcecode.swift; path = AppDelegate.swift; sourceTree = "<group>"; };
		98A224D029BF2C2F00695A71 /* SceneDelegate.swift */ = {isa = PBXFileReference; lastKnownFileType = sourcecode.swift; path = SceneDelegate.swift; sourceTree = "<group>"; };
		98A224D229BF2C2F00695A71 /* ViewController.swift */ = {isa = PBXFileReference; lastKnownFileType = sourcecode.swift; path = ViewController.swift; sourceTree = "<group>"; };
		98A224D529BF2C2F00695A71 /* Base */ = {isa = PBXFileReference; lastKnownFileType = file.storyboard; name = Base; path = Base.lproj/Main.storyboard; sourceTree = "<group>"; };
		98A224D729BF2C3100695A71 /* Assets.xcassets */ = {isa = PBXFileReference; lastKnownFileType = folder.assetcatalog; path = Assets.xcassets; sourceTree = "<group>"; };
		98A224DA29BF2C3100695A71 /* Base */ = {isa = PBXFileReference; lastKnownFileType = file.storyboard; name = Base; path = Base.lproj/LaunchScreen.storyboard; sourceTree = "<group>"; };
		98A224DC29BF2C3100695A71 /* Info.plist */ = {isa = PBXFileReference; lastKnownFileType = text.plist.xml; path = Info.plist; sourceTree = "<group>"; };
		98A224E129BF2C3100695A71 /* FurnisTests.xctest */ = {isa = PBXFileReference; explicitFileType = wrapper.cfbundle; includeInIndex = 0; path = FurnisTests.xctest; sourceTree = BUILT_PRODUCTS_DIR; };
		98A224E529BF2C3100695A71 /* FurnisTests.swift */ = {isa = PBXFileReference; lastKnownFileType = sourcecode.swift; path = FurnisTests.swift; sourceTree = "<group>"; };
		98A224EB29BF2C3100695A71 /* FurnisUITests.xctest */ = {isa = PBXFileReference; explicitFileType = wrapper.cfbundle; includeInIndex = 0; path = FurnisUITests.xctest; sourceTree = BUILT_PRODUCTS_DIR; };
		98A224EF29BF2C3100695A71 /* FurnisUITests.swift */ = {isa = PBXFileReference; lastKnownFileType = sourcecode.swift; path = FurnisUITests.swift; sourceTree = "<group>"; };
		98A224F129BF2C3100695A71 /* FurnisUITestsLaunchTests.swift */ = {isa = PBXFileReference; lastKnownFileType = sourcecode.swift; path = FurnisUITestsLaunchTests.swift; sourceTree = "<group>"; };
/* End PBXFileReference section */

/* Begin PBXFrameworksBuildPhase section */
		98A224C829BF2C2F00695A71 /* Frameworks */ = {
			isa = PBXFrameworksBuildPhase;
			buildActionMask = 2147483647;
			files = (
			);
			runOnlyForDeploymentPostprocessing = 0;
		};
		98A224DE29BF2C3100695A71 /* Frameworks */ = {
			isa = PBXFrameworksBuildPhase;
			buildActionMask = 2147483647;
			files = (
			);
			runOnlyForDeploymentPostprocessing = 0;
		};
		98A224E829BF2C3100695A71 /* Frameworks */ = {
			isa = PBXFrameworksBuildPhase;
			buildActionMask = 2147483647;
			files = (
			);
			runOnlyForDeploymentPostprocessing = 0;
		};
/* End PBXFrameworksBuildPhase section */

/* Begin PBXGroup section */
		98A224C229BF2C2F00695A71 = {
			isa = PBXGroup;
			children = (
				98A224CD29BF2C2F00695A71 /* Furnis */,
				98A224E429BF2C3100695A71 /* FurnisTests */,
				98A224EE29BF2C3100695A71 /* FurnisUITests */,
				98A224CC29BF2C2F00695A71 /* Products */,
			);
			sourceTree = "<group>";
		};
		98A224CC29BF2C2F00695A71 /* Products */ = {
			isa = PBXGroup;
			children = (
				98A224CB29BF2C2F00695A71 /* Furnis.app */,
				98A224E129BF2C3100695A71 /* FurnisTests.xctest */,
				98A224EB29BF2C3100695A71 /* FurnisUITests.xctest */,
			);
			name = Products;
			sourceTree = "<group>";
		};
		98A224CD29BF2C2F00695A71 /* Furnis */ = {
			isa = PBXGroup;
			children = (
				98A224CE29BF2C2F00695A71 /* AppDelegate.swift */,
				98A224D029BF2C2F00695A71 /* SceneDelegate.swift */,
				98A224D229BF2C2F00695A71 /* ViewController.swift */,
				98A224D429BF2C2F00695A71 /* Main.storyboard */,
				98A224D729BF2C3100695A71 /* Assets.xcassets */,
				98A224D929BF2C3100695A71 /* LaunchScreen.storyboard */,
				98A224DC29BF2C3100695A71 /* Info.plist */,
			);
			path = Furnis;
			sourceTree = "<group>";
		};
		98A224E429BF2C3100695A71 /* FurnisTests */ = {
			isa = PBXGroup;
			children = (
				98A224E529BF2C3100695A71 /* FurnisTests.swift */,
			);
			path = FurnisTests;
			sourceTree = "<group>";
		};
		98A224EE29BF2C3100695A71 /* FurnisUITests */ = {
			isa = PBXGroup;
			children = (
				98A224EF29BF2C3100695A71 /* FurnisUITests.swift */,
				98A224F129BF2C3100695A71 /* FurnisUITestsLaunchTests.swift */,
			);
			path = FurnisUITests;
			sourceTree = "<group>";
		};
/* End PBXGroup section */

/* Begin PBXNativeTarget section */
		98A224CA29BF2C2F00695A71 /* Furnis */ = {
			isa = PBXNativeTarget;
			buildConfigurationList = 98A224F529BF2C3100695A71 /* Build configuration list for PBXNativeTarget "Furnis" */;
			buildPhases = (
				98A224C729BF2C2F00695A71 /* Sources */,
				98A224C829BF2C2F00695A71 /* Frameworks */,
				98A224C929BF2C2F00695A71 /* Resources */,
			);
			buildRules = (
			);
			dependencies = (
			);
			name = Furnis;
			productName = Furnis;
			productReference = 98A224CB29BF2C2F00695A71 /* Furnis.app */;
			productType = "com.apple.product-type.application";
		};
		98A224E029BF2C3100695A71 /* FurnisTests */ = {
			isa = PBXNativeTarget;
			buildConfigurationList = 98A224F829BF2C3100695A71 /* Build configuration list for PBXNativeTarget "FurnisTests" */;
			buildPhases = (
				98A224DD29BF2C3100695A71 /* Sources */,
				98A224DE29BF2C3100695A71 /* Frameworks */,
				98A224DF29BF2C3100695A71 /* Resources */,
			);
			buildRules = (
			);
			dependencies = (
				98A224E329BF2C3100695A71 /* PBXTargetDependency */,
			);
			name = FurnisTests;
			productName = FurnisTests;
			productReference = 98A224E129BF2C3100695A71 /* FurnisTests.xctest */;
			productType = "com.apple.product-type.bundle.unit-test";
		};
		98A224EA29BF2C3100695A71 /* FurnisUITests */ = {
			isa = PBXNativeTarget;
			buildConfigurationList = 98A224FB29BF2C3100695A71 /* Build configuration list for PBXNativeTarget "FurnisUITests" */;
			buildPhases = (
				98A224E729BF2C3100695A71 /* Sources */,
				98A224E829BF2C3100695A71 /* Frameworks */,
				98A224E929BF2C3100695A71 /* Resources */,
			);
			buildRules = (
			);
			dependencies = (
				98A224ED29BF2C3100695A71 /* PBXTargetDependency */,
			);
			name = FurnisUITests;
			productName = FurnisUITests;
			productReference = 98A224EB29BF2C3100695A71 /* FurnisUITests.xctest */;
			productType = "com.apple.product-type.bundle.ui-testing";
		};
/* End PBXNativeTarget section */

/* Begin PBXProject section */
		98A224C329BF2C2F00695A71 /* Project object */ = {
			isa = PBXProject;
			attributes = {
				BuildIndependentTargetsInParallel = 1;
				LastSwiftUpdateCheck = 1340;
				LastUpgradeCheck = 1340;
				TargetAttributes = {
					98A224CA29BF2C2F00695A71 = {
						CreatedOnToolsVersion = 13.4.1;
					};
					98A224E029BF2C3100695A71 = {
						CreatedOnToolsVersion = 13.4.1;
						TestTargetID = 98A224CA29BF2C2F00695A71;
					};
					98A224EA29BF2C3100695A71 = {
						CreatedOnToolsVersion = 13.4.1;
						TestTargetID = 98A224CA29BF2C2F00695A71;
					};
				};
			};
			buildConfigurationList = 98A224C629BF2C2F00695A71 /* Build configuration list for PBXProject "Furnis" */;
			compatibilityVersion = "Xcode 13.0";
			developmentRegion = en;
			hasScannedForEncodings = 0;
			knownRegions = (
				en,
				Base,
			);
			mainGroup = 98A224C229BF2C2F00695A71;
			productRefGroup = 98A224CC29BF2C2F00695A71 /* Products */;
			projectDirPath = "";
			projectRoot = "";
			targets = (
				98A224CA29BF2C2F00695A71 /* Furnis */,
				98A224E029BF2C3100695A71 /* FurnisTests */,
				98A224EA29BF2C3100695A71 /* FurnisUITests */,
			);
		};
/* End PBXProject section */

/* Begin PBXResourcesBuildPhase section */
		98A224C929BF2C2F00695A71 /* Resources */ = {
			isa = PBXResourcesBuildPhase;
			buildActionMask = 2147483647;
			files = (
				98A224DB29BF2C3100695A71 /* LaunchScreen.storyboard in Resources */,
				98A224D829BF2C3100695A71 /* Assets.xcassets in Resources */,
				98A224D629BF2C2F00695A71 /* Main.storyboard in Resources */,
			);
			runOnlyForDeploymentPostprocessing = 0;
		};
		98A224DF29BF2C3100695A71 /* Resources */ = {
			isa = PBXResourcesBuildPhase;
			buildActionMask = 2147483647;
			files = (
			);
			runOnlyForDeploymentPostprocessing = 0;
		};
		98A224E929BF2C3100695A71 /* Resources */ = {
			isa = PBXResourcesBuildPhase;
			buildActionMask = 2147483647;
			files = (
			);
			runOnlyForDeploymentPostprocessing = 0;
		};
/* End PBXResourcesBuildPhase section */

/* Begin PBXSourcesBuildPhase section */
		98A224C729BF2C2F00695A71 /* Sources */ = {
			isa = PBXSourcesBuildPhase;
			buildActionMask = 2147483647;
			files = (
				98A224D329BF2C2F00695A71 /* ViewController.swift in Sources */,
				98A224CF29BF2C2F00695A71 /* AppDelegate.swift in Sources */,
				98A224D129BF2C2F00695A71 /* SceneDelegate.swift in Sources */,
			);
			runOnlyForDeploymentPostprocessing = 0;
		};
		98A224DD29BF2C3100695A71 /* Sources */ = {
			isa = PBXSourcesBuildPhase;
			buildActionMask = 2147483647;
			files = (
				98A224E629BF2C3100695A71 /* FurnisTests.swift in Sources */,
			);
			runOnlyForDeploymentPostprocessing = 0;
		};
		98A224E729BF2C3100695A71 /* Sources */ = {
			isa = PBXSourcesBuildPhase;
			buildActionMask = 2147483647;
			files = (
				98A224F029BF2C3100695A71 /* FurnisUITests.swift in Sources */,
				98A224F229BF2C3100695A71 /* FurnisUITestsLaunchTests.swift in Sources */,
			);
			runOnlyForDeploymentPostprocessing = 0;
		};
/* End PBXSourcesBuildPhase section */

/* Begin PBXTargetDependency section */
		98A224E329BF2C3100695A71 /* PBXTargetDependency */ = {
			isa = PBXTargetDependency;
			target = 98A224CA29BF2C2F00695A71 /* Furnis */;
			targetProxy = 98A224E229BF2C3100695A71 /* PBXContainerItemProxy */;
		};
		98A224ED29BF2C3100695A71 /* PBXTargetDependency */ = {
			isa = PBXTargetDependency;
			target = 98A224CA29BF2C2F00695A71 /* Furnis */;
			targetProxy = 98A224EC29BF2C3100695A71 /* PBXContainerItemProxy */;
		};
/* End PBXTargetDependency section */

/* Begin PBXVariantGroup section */
		98A224D429BF2C2F00695A71 /* Main.storyboard */ = {
			isa = PBXVariantGroup;
			children = (
				98A224D529BF2C2F00695A71 /* Base */,
			);
			name = Main.storyboard;
			sourceTree = "<group>";
		};
		98A224D929BF2C3100695A71 /* LaunchScreen.storyboard */ = {
			isa = PBXVariantGroup;
			children = (
				98A224DA29BF2C3100695A71 /* Base */,
			);
			name = LaunchScreen.storyboard;
			sourceTree = "<group>";
		};
/* End PBXVariantGroup section */

/* Begin XCBuildConfiguration section */
		98A224F329BF2C3100695A71 /* Debug */ = {
			isa = XCBuildConfiguration;
			buildSettings = {
				ALWAYS_SEARCH_USER_PATHS = NO;
				CLANG_ANALYZER_NONNULL = YES;
				CLANG_ANALYZER_NUMBER_OBJECT_CONVERSION = YES_AGGRESSIVE;
				CLANG_CXX_LANGUAGE_STANDARD = "gnu++17";
				CLANG_ENABLE_MODULES = YES;
				CLANG_ENABLE_OBJC_ARC = YES;
				CLANG_ENABLE_OBJC_WEAK = YES;
				CLANG_WARN_BLOCK_CAPTURE_AUTORELEASING = YES;
				CLANG_WARN_BOOL_CONVERSION = YES;
				CLANG_WARN_COMMA = YES;
				CLANG_WARN_CONSTANT_CONVERSION = YES;
				CLANG_WARN_DEPRECATED_OBJC_IMPLEMENTATIONS = YES;
				CLANG_WARN_DIRECT_OBJC_ISA_USAGE = YES_ERROR;
				CLANG_WARN_DOCUMENTATION_COMMENTS = YES;
				CLANG_WARN_EMPTY_BODY = YES;
				CLANG_WARN_ENUM_CONVERSION = YES;
				CLANG_WARN_INFINITE_RECURSION = YES;
				CLANG_WARN_INT_CONVERSION = YES;
				CLANG_WARN_NON_LITERAL_NULL_CONVERSION = YES;
				CLANG_WARN_OBJC_IMPLICIT_RETAIN_SELF = YES;
				CLANG_WARN_OBJC_LITERAL_CONVERSION = YES;
				CLANG_WARN_OBJC_ROOT_CLASS = YES_ERROR;
				CLANG_WARN_QUOTED_INCLUDE_IN_FRAMEWORK_HEADER = YES;
				CLANG_WARN_RANGE_LOOP_ANALYSIS = YES;
				CLANG_WARN_STRICT_PROTOTYPES = YES;
				CLANG_WARN_SUSPICIOUS_MOVE = YES;
				CLANG_WARN_UNGUARDED_AVAILABILITY = YES_AGGRESSIVE;
				CLANG_WARN_UNREACHABLE_CODE = YES;
				CLANG_WARN__DUPLICATE_METHOD_MATCH = YES;
				COPY_PHASE_STRIP = NO;
				DEBUG_INFORMATION_FORMAT = dwarf;
				ENABLE_STRICT_OBJC_MSGSEND = YES;
				ENABLE_TESTABILITY = YES;
				GCC_C_LANGUAGE_STANDARD = gnu11;
				GCC_DYNAMIC_NO_PIC = NO;
				GCC_NO_COMMON_BLOCKS = YES;
				GCC_OPTIMIZATION_LEVEL = 0;
				GCC_PREPROCESSOR_DEFINITIONS = (
					"DEBUG=1",
					"$(inherited)",
				);
				GCC_WARN_64_TO_32_BIT_CONVERSION = YES;
				GCC_WARN_ABOUT_RETURN_TYPE = YES_ERROR;
				GCC_WARN_UNDECLARED_SELECTOR = YES;
				GCC_WARN_UNINITIALIZED_AUTOS = YES_AGGRESSIVE;
				GCC_WARN_UNUSED_FUNCTION = YES;
				GCC_WARN_UNUSED_VARIABLE = YES;
				IPHONEOS_DEPLOYMENT_TARGET = 15.5;
				MTL_ENABLE_DEBUG_INFO = INCLUDE_SOURCE;
				MTL_FAST_MATH = YES;
				ONLY_ACTIVE_ARCH = YES;
				SDKROOT = iphoneos;
				SWIFT_ACTIVE_COMPILATION_CONDITIONS = DEBUG;
				SWIFT_OPTIMIZATION_LEVEL = "-Onone";
			};
			name = Debug;
		};
		98A224F429BF2C3100695A71 /* Release */ = {
			isa = XCBuildConfiguration;
			buildSettings = {
				ALWAYS_SEARCH_USER_PATHS = NO;
				CLANG_ANALYZER_NONNULL = YES;
				CLANG_ANALYZER_NUMBER_OBJECT_CONVERSION = YES_AGGRESSIVE;
				CLANG_CXX_LANGUAGE_STANDARD = "gnu++17";
				CLANG_ENABLE_MODULES = YES;
				CLANG_ENABLE_OBJC_ARC = YES;
				CLANG_ENABLE_OBJC_WEAK = YES;
				CLANG_WARN_BLOCK_CAPTURE_AUTORELEASING = YES;
				CLANG_WARN_BOOL_CONVERSION = YES;
				CLANG_WARN_COMMA = YES;
				CLANG_WARN_CONSTANT_CONVERSION = YES;
				CLANG_WARN_DEPRECATED_OBJC_IMPLEMENTATIONS = YES;
				CLANG_WARN_DIRECT_OBJC_ISA_USAGE = YES_ERROR;
				CLANG_WARN_DOCUMENTATION_COMMENTS = YES;
				CLANG_WARN_EMPTY_BODY = YES;
				CLANG_WARN_ENUM_CONVERSION = YES;
				CLANG_WARN_INFINITE_RECURSION = YES;
				CLANG_WARN_INT_CONVERSION = YES;
				CLANG_WARN_NON_LITERAL_NULL_CONVERSION = YES;
				CLANG_WARN_OBJC_IMPLICIT_RETAIN_SELF = YES;
				CLANG_WARN_OBJC_LITERAL_CONVERSION = YES;
				CLANG_WARN_OBJC_ROOT_CLASS = YES_ERROR;
				CLANG_WARN_QUOTED_INCLUDE_IN_FRAMEWORK_HEADER = YES;
				CLANG_WARN_RANGE_LOOP_ANALYSIS = YES;
				CLANG_WARN_STRICT_PROTOTYPES = YES;
				CLANG_WARN_SUSPICIOUS_MOVE = YES;
				CLANG_WARN_UNGUARDED_AVAILABILITY = YES_AGGRESSIVE;
				CLANG_WARN_UNREACHABLE_CODE = YES;
				CLANG_WARN__DUPLICATE_METHOD_MATCH = YES;
				COPY_PHASE_STRIP = NO;
				DEBUG_INFORMATION_FORMAT = "dwarf-with-dsym";
				ENABLE_NS_ASSERTIONS = NO;
				ENABLE_STRICT_OBJC_MSGSEND = YES;
				GCC_C_LANGUAGE_STANDARD = gnu11;
				GCC_NO_COMMON_BLOCKS = YES;
				GCC_WARN_64_TO_32_BIT_CONVERSION = YES;
				GCC_WARN_ABOUT_RETURN_TYPE = YES_ERROR;
				GCC_WARN_UNDECLARED_SELECTOR = YES;
				GCC_WARN_UNINITIALIZED_AUTOS = YES_AGGRESSIVE;
				GCC_WARN_UNUSED_FUNCTION = YES;
				GCC_WARN_UNUSED_VARIABLE = YES;
				IPHONEOS_DEPLOYMENT_TARGET = 15.5;
				MTL_ENABLE_DEBUG_INFO = NO;
				MTL_FAST_MATH = YES;
				SDKROOT = iphoneos;
				SWIFT_COMPILATION_MODE = wholemodule;
				SWIFT_OPTIMIZATION_LEVEL = "-O";
				VALIDATE_PRODUCT = YES;
			};
			name = Release;
		};
		98A224F629BF2C3100695A71 /* Debug */ = {
			isa = XCBuildConfiguration;
			buildSettings = {
				ASSETCATALOG_COMPILER_APPICON_NAME = AppIcon;
				ASSETCATALOG_COMPILER_GLOBAL_ACCENT_COLOR_NAME = AccentColor;
				CODE_SIGN_STYLE = Automatic;
				CURRENT_PROJECT_VERSION = 1;
				GENERATE_INFOPLIST_FILE = YES;
				INFOPLIST_FILE = Furnis/Info.plist;
				INFOPLIST_KEY_UIApplicationSupportsIndirectInputEvents = YES;
				INFOPLIST_KEY_UILaunchStoryboardName = LaunchScreen;
				INFOPLIST_KEY_UIMainStoryboardFile = Main;
				INFOPLIST_KEY_UISupportedInterfaceOrientations_iPad = "UIInterfaceOrientationPortrait UIInterfaceOrientationPortraitUpsideDown UIInterfaceOrientationLandscapeLeft UIInterfaceOrientationLandscapeRight";
				INFOPLIST_KEY_UISupportedInterfaceOrientations_iPhone = "UIInterfaceOrientationPortrait UIInterfaceOrientationLandscapeLeft UIInterfaceOrientationLandscapeRight";
				LD_RUNPATH_SEARCH_PATHS = (
					"$(inherited)",
					"@executable_path/Frameworks",
				);
				MARKETING_VERSION = 1.0;
				PRODUCT_BUNDLE_IDENTIFIER = uz.azamxudjayev.Furnis;
				PRODUCT_NAME = "$(TARGET_NAME)";
				SWIFT_EMIT_LOC_STRINGS = YES;
				SWIFT_VERSION = 5.0;
				TARGETED_DEVICE_FAMILY = "1,2";
			};
			name = Debug;
		};
		98A224F729BF2C3100695A71 /* Release */ = {
			isa = XCBuildConfiguration;
			buildSettings = {
				ASSETCATALOG_COMPILER_APPICON_NAME = AppIcon;
				ASSETCATALOG_COMPILER_GLOBAL_ACCENT_COLOR_NAME = AccentColor;
				CODE_SIGN_STYLE = Automatic;
				CURRENT_PROJECT_VERSION = 1;
				GENERATE_INFOPLIST_FILE = YES;
				INFOPLIST_FILE = Furnis/Info.plist;
				INFOPLIST_KEY_UIApplicationSupportsIndirectInputEvents = YES;
				INFOPLIST_KEY_UILaunchStoryboardName = LaunchScreen;
				INFOPLIST_KEY_UIMainStoryboardFile = Main;
				INFOPLIST_KEY_UISupportedInterfaceOrientations_iPad = "UIInterfaceOrientationPortrait UIInterfaceOrientationPortraitUpsideDown UIInterfaceOrientationLandscapeLeft UIInterfaceOrientationLandscapeRight";
				INFOPLIST_KEY_UISupportedInterfaceOrientations_iPhone = "UIInterfaceOrientationPortrait UIInterfaceOrientationLandscapeLeft UIInterfaceOrientationLandscapeRight";
				LD_RUNPATH_SEARCH_PATHS = (
					"$(inherited)",
					"@executable_path/Frameworks",
				);
				MARKETING_VERSION = 1.0;
				PRODUCT_BUNDLE_IDENTIFIER = uz.azamxudjayev.Furnis;
				PRODUCT_NAME = "$(TARGET_NAME)";
				SWIFT_EMIT_LOC_STRINGS = YES;
				SWIFT_VERSION = 5.0;
				TARGETED_DEVICE_FAMILY = "1,2";
			};
			name = Release;
		};
		98A224F929BF2C3100695A71 /* Debug */ = {
			isa = XCBuildConfiguration;
			buildSettings = {
				ALWAYS_EMBED_SWIFT_STANDARD_LIBRARIES = YES;
				BUNDLE_LOADER = "$(TEST_HOST)";
				CODE_SIGN_STYLE = Automatic;
				CURRENT_PROJECT_VERSION = 1;
				GENERATE_INFOPLIST_FILE = YES;
				IPHONEOS_DEPLOYMENT_TARGET = 15.5;
				MARKETING_VERSION = 1.0;
				PRODUCT_BUNDLE_IDENTIFIER = uz.azamxudjayev.FurnisTests;
				PRODUCT_NAME = "$(TARGET_NAME)";
				SWIFT_EMIT_LOC_STRINGS = NO;
				SWIFT_VERSION = 5.0;
				TARGETED_DEVICE_FAMILY = "1,2";
				TEST_HOST = "$(BUILT_PRODUCTS_DIR)/Furnis.app/Furnis";
			};
			name = Debug;
		};
		98A224FA29BF2C3100695A71 /* Release */ = {
			isa = XCBuildConfiguration;
			buildSettings = {
				ALWAYS_EMBED_SWIFT_STANDARD_LIBRARIES = YES;
				BUNDLE_LOADER = "$(TEST_HOST)";
				CODE_SIGN_STYLE = Automatic;
				CURRENT_PROJECT_VERSION = 1;
				GENERATE_INFOPLIST_FILE = YES;
				IPHONEOS_DEPLOYMENT_TARGET = 15.5;
				MARKETING_VERSION = 1.0;
				PRODUCT_BUNDLE_IDENTIFIER = uz.azamxudjayev.FurnisTests;
				PRODUCT_NAME = "$(TARGET_NAME)";
				SWIFT_EMIT_LOC_STRINGS = NO;
				SWIFT_VERSION = 5.0;
				TARGETED_DEVICE_FAMILY = "1,2";
				TEST_HOST = "$(BUILT_PRODUCTS_DIR)/Furnis.app/Furnis";
			};
			name = Release;
		};
		98A224FC29BF2C3100695A71 /* Debug */ = {
			isa = XCBuildConfiguration;
			buildSettings = {
				ALWAYS_EMBED_SWIFT_STANDARD_LIBRARIES = YES;
				CODE_SIGN_STYLE = Automatic;
				CURRENT_PROJECT_VERSION = 1;
				GENERATE_INFOPLIST_FILE = YES;
				MARKETING_VERSION = 1.0;
				PRODUCT_BUNDLE_IDENTIFIER = uz.azamxudjayev.FurnisUITests;
				PRODUCT_NAME = "$(TARGET_NAME)";
				SWIFT_EMIT_LOC_STRINGS = NO;
				SWIFT_VERSION = 5.0;
				TARGETED_DEVICE_FAMILY = "1,2";
				TEST_TARGET_NAME = Furnis;
			};
			name = Debug;
		};
		98A224FD29BF2C3100695A71 /* Release */ = {
			isa = XCBuildConfiguration;
			buildSettings = {
				ALWAYS_EMBED_SWIFT_STANDARD_LIBRARIES = YES;
				CODE_SIGN_STYLE = Automatic;
				CURRENT_PROJECT_VERSION = 1;
				GENERATE_INFOPLIST_FILE = YES;
				MARKETING_VERSION = 1.0;
				PRODUCT_BUNDLE_IDENTIFIER = uz.azamxudjayev.FurnisUITests;
				PRODUCT_NAME = "$(TARGET_NAME)";
				SWIFT_EMIT_LOC_STRINGS = NO;
				SWIFT_VERSION = 5.0;
				TARGETED_DEVICE_FAMILY = "1,2";
				TEST_TARGET_NAME = Furnis;
			};
			name = Release;
		};
/* End XCBuildConfiguration section */

/* Begin XCConfigurationList section */
		98A224C629BF2C2F00695A71 /* Build configuration list for PBXProject "Furnis" */ = {
			isa = XCConfigurationList;
			buildConfigurations = (
				98A224F329BF2C3100695A71 /* Debug */,
				98A224F429BF2C3100695A71 /* Release */,
			);
			defaultConfigurationIsVisible = 0;
			defaultConfigurationName = Release;
		};
		98A224F529BF2C3100695A71 /* Build configuration list for PBXNativeTarget "Furnis" */ = {
			isa = XCConfigurationList;
			buildConfigurations = (
				98A224F629BF2C3100695A71 /* Debug */,
				98A224F729BF2C3100695A71 /* Release */,
			);
			defaultConfigurationIsVisible = 0;
			defaultConfigurationName = Release;
		};
		98A224F829BF2C3100695A71 /* Build configuration list for PBXNativeTarget "FurnisTests" */ = {
			isa = XCConfigurationList;
			buildConfigurations = (
				98A224F929BF2C3100695A71 /* Debug */,
				98A224FA29BF2C3100695A71 /* Release */,
			);
			defaultConfigurationIsVisible = 0;
			defaultConfigurationName = Release;
		};
		98A224FB29BF2C3100695A71 /* Build configuration list for PBXNativeTarget "FurnisUITests" */ = {
			isa = XCConfigurationList;
			buildConfigurations = (
				98A224FC29BF2C3100695A71 /* Debug */,
				98A224FD29BF2C3100695A71 /* Release */,
			);
			defaultConfigurationIsVisible = 0;
			defaultConfigurationName = Release;
		};
/* End XCConfigurationList section */
	};
	rootObject = 98A224C329BF2C2F00695A71 /* Project object */;
}
