// !$*UTF8*$!
{
	archiveVersion = 1;
	classes = {
	};
	objectVersion = 55;
	objects = {

/* Begin PBXBuildFile section */
		7F1F246B29C2F3DE007938B7 /* BannerCollectionViewCell.swift in Sources */ = {isa = PBXBuildFile; fileRef = 7F1F246A29C2F3DE007938B7 /* BannerCollectionViewCell.swift */; };
		7F1F246D29C2F428007938B7 /* UIView + Extension.swift in Sources */ = {isa = PBXBuildFile; fileRef = 7F1F246C29C2F428007938B7 /* UIView + Extension.swift */; };
		7F1F247029C30207007938B7 /* AppLayouts.swift in Sources */ = {isa = PBXBuildFile; fileRef = 7F1F246F29C30207007938B7 /* AppLayouts.swift */; };
		7F1F247329C302D2007938B7 /* SectionDecorationView.swift in Sources */ = {isa = PBXBuildFile; fileRef = 7F1F247229C302D2007938B7 /* SectionDecorationView.swift */; };
		7F1F247529C30308007938B7 /* BannerDM.swift in Sources */ = {isa = PBXBuildFile; fileRef = 7F1F247429C30308007938B7 /* BannerDM.swift */; };
		7F1F247729C30650007938B7 /* FeaturedProductsCollectionViewCell.swift in Sources */ = {isa = PBXBuildFile; fileRef = 7F1F247629C30650007938B7 /* FeaturedProductsCollectionViewCell.swift */; };
		7F1F247929C3068E007938B7 /* FeaturedProductDM.swift in Sources */ = {isa = PBXBuildFile; fileRef = 7F1F247829C3068E007938B7 /* FeaturedProductDM.swift */; };
		7F1F247B29C3464C007938B7 /* FeaturedSectionHeaderView.swift in Sources */ = {isa = PBXBuildFile; fileRef = 7F1F247A29C3464C007938B7 /* FeaturedSectionHeaderView.swift */; };
		7FDB3F7429C05C750020868A /* MainPageController.swift in Sources */ = {isa = PBXBuildFile; fileRef = 7FDB3F7329C05C750020868A /* MainPageController.swift */; };
		7FDB3F7629C05C840020868A /* MainPagePresenter.swift in Sources */ = {isa = PBXBuildFile; fileRef = 7FDB3F7529C05C840020868A /* MainPagePresenter.swift */; };
		7FDB3F7829C05C8D0020868A /* MainPageView.swift in Sources */ = {isa = PBXBuildFile; fileRef = 7FDB3F7729C05C8D0020868A /* MainPageView.swift */; };
		7FDB3F7A29C05CB00020868A /* TabbarController.swift in Sources */ = {isa = PBXBuildFile; fileRef = 7FDB3F7929C05CB00020868A /* TabbarController.swift */; };
		7FDB3F7C29C0746E0020868A /* NavigationBar.swift in Sources */ = {isa = PBXBuildFile; fileRef = 7FDB3F7B29C0746E0020868A /* NavigationBar.swift */; };
		98A224CF29BF2C2F00695A71 /* AppDelegate.swift in Sources */ = {isa = PBXBuildFile; fileRef = 98A224CE29BF2C2F00695A71 /* AppDelegate.swift */; };
		98A224D129BF2C2F00695A71 /* SceneDelegate.swift in Sources */ = {isa = PBXBuildFile; fileRef = 98A224D029BF2C2F00695A71 /* SceneDelegate.swift */; };
		98A224D829BF2C3100695A71 /* Assets.xcassets in Resources */ = {isa = PBXBuildFile; fileRef = 98A224D729BF2C3100695A71 /* Assets.xcassets */; };
		98A224DB29BF2C3100695A71 /* LaunchScreen.storyboard in Resources */ = {isa = PBXBuildFile; fileRef = 98A224D929BF2C3100695A71 /* LaunchScreen.storyboard */; };
		98A224E629BF2C3100695A71 /* FurnisTests.swift in Sources */ = {isa = PBXBuildFile; fileRef = 98A224E529BF2C3100695A71 /* FurnisTests.swift */; };
		98A224F029BF2C3100695A71 /* FurnisUITests.swift in Sources */ = {isa = PBXBuildFile; fileRef = 98A224EF29BF2C3100695A71 /* FurnisUITests.swift */; };
		98A224F229BF2C3100695A71 /* FurnisUITestsLaunchTests.swift in Sources */ = {isa = PBXBuildFile; fileRef = 98A224F129BF2C3100695A71 /* FurnisUITestsLaunchTests.swift */; };
		98A2250329BF40ED00695A71 /* AppCoordinator.swift in Sources */ = {isa = PBXBuildFile; fileRef = 98A2250229BF40ED00695A71 /* AppCoordinator.swift */; };
		98A2250629BF41B700695A71 /* OnboardingViewController.swift in Sources */ = {isa = PBXBuildFile; fileRef = 98A2250529BF41B700695A71 /* OnboardingViewController.swift */; };
		98A2250829BF433200695A71 /* OnboardingPresenter.swift in Sources */ = {isa = PBXBuildFile; fileRef = 98A2250729BF433200695A71 /* OnboardingPresenter.swift */; };
		98A2250A29BF629700695A71 /* OnboardingView.swift in Sources */ = {isa = PBXBuildFile; fileRef = 98A2250929BF629700695A71 /* OnboardingView.swift */; };
		98A2250D29BF653E00695A71 /* SnapKit in Frameworks */ = {isa = PBXBuildFile; productRef = 98A2250C29BF653E00695A71 /* SnapKit */; };
		98A2251029BF886300695A71 /* UIColor+Extension.swift in Sources */ = {isa = PBXBuildFile; fileRef = 98A2250F29BF886300695A71 /* UIColor+Extension.swift */; };
		98A2251229BF887700695A71 /* UILabel+Extension.swift in Sources */ = {isa = PBXBuildFile; fileRef = 98A2251129BF887700695A71 /* UILabel+Extension.swift */; };
		98BD058F29BFA22F008AA6DB /* AnimateableButton.swift in Sources */ = {isa = PBXBuildFile; fileRef = 98BD058E29BFA22F008AA6DB /* AnimateableButton.swift */; };
/* End PBXBuildFile section */

/* Begin PBXContainerItemProxy section */
		98A224E229BF2C3100695A71 /* PBXContainerItemProxy */ = {
			isa = PBXContainerItemProxy;
			containerPortal = 98A224C329BF2C2F00695A71 /* Project object */;
			proxyType = 1;
			remoteGlobalIDString = 98A224CA29BF2C2F00695A71;
			remoteInfo = Furnis;
		};
		98A224EC29BF2C3100695A71 /* PBXContainerItemProxy */ = {
			isa = PBXContainerItemProxy;
			containerPortal = 98A224C329BF2C2F00695A71 /* Project object */;
			proxyType = 1;
			remoteGlobalIDString = 98A224CA29BF2C2F00695A71;
			remoteInfo = Furnis;
		};
/* End PBXContainerItemProxy section */

/* Begin PBXFileReference section */
		7F1F246A29C2F3DE007938B7 /* BannerCollectionViewCell.swift */ = {isa = PBXFileReference; lastKnownFileType = sourcecode.swift; path = BannerCollectionViewCell.swift; sourceTree = "<group>"; };
		7F1F246C29C2F428007938B7 /* UIView + Extension.swift */ = {isa = PBXFileReference; lastKnownFileType = sourcecode.swift; path = "UIView + Extension.swift"; sourceTree = "<group>"; };
		7F1F246F29C30207007938B7 /* AppLayouts.swift */ = {isa = PBXFileReference; lastKnownFileType = sourcecode.swift; path = AppLayouts.swift; sourceTree = "<group>"; };
		7F1F247229C302D2007938B7 /* SectionDecorationView.swift */ = {isa = PBXFileReference; lastKnownFileType = sourcecode.swift; path = SectionDecorationView.swift; sourceTree = "<group>"; };
		7F1F247429C30308007938B7 /* BannerDM.swift */ = {isa = PBXFileReference; lastKnownFileType = sourcecode.swift; path = BannerDM.swift; sourceTree = "<group>"; };
		7F1F247629C30650007938B7 /* FeaturedProductsCollectionViewCell.swift */ = {isa = PBXFileReference; lastKnownFileType = sourcecode.swift; path = FeaturedProductsCollectionViewCell.swift; sourceTree = "<group>"; };
		7F1F247829C3068E007938B7 /* FeaturedProductDM.swift */ = {isa = PBXFileReference; lastKnownFileType = sourcecode.swift; path = FeaturedProductDM.swift; sourceTree = "<group>"; };
		7F1F247A29C3464C007938B7 /* FeaturedSectionHeaderView.swift */ = {isa = PBXFileReference; lastKnownFileType = sourcecode.swift; path = FeaturedSectionHeaderView.swift; sourceTree = "<group>"; };
		7FDB3F7329C05C750020868A /* MainPageController.swift */ = {isa = PBXFileReference; lastKnownFileType = sourcecode.swift; path = MainPageController.swift; sourceTree = "<group>"; };
		7FDB3F7529C05C840020868A /* MainPagePresenter.swift */ = {isa = PBXFileReference; lastKnownFileType = sourcecode.swift; path = MainPagePresenter.swift; sourceTree = "<group>"; };
		7FDB3F7729C05C8D0020868A /* MainPageView.swift */ = {isa = PBXFileReference; lastKnownFileType = sourcecode.swift; path = MainPageView.swift; sourceTree = "<group>"; };
		7FDB3F7929C05CB00020868A /* TabbarController.swift */ = {isa = PBXFileReference; lastKnownFileType = sourcecode.swift; path = TabbarController.swift; sourceTree = "<group>"; };
		7FDB3F7B29C0746E0020868A /* NavigationBar.swift */ = {isa = PBXFileReference; lastKnownFileType = sourcecode.swift; path = NavigationBar.swift; sourceTree = "<group>"; };
		98A224CB29BF2C2F00695A71 /* Furnis.app */ = {isa = PBXFileReference; explicitFileType = wrapper.application; includeInIndex = 0; path = Furnis.app; sourceTree = BUILT_PRODUCTS_DIR; };
		98A224CE29BF2C2F00695A71 /* AppDelegate.swift */ = {isa = PBXFileReference; lastKnownFileType = sourcecode.swift; path = AppDelegate.swift; sourceTree = "<group>"; };
		98A224D029BF2C2F00695A71 /* SceneDelegate.swift */ = {isa = PBXFileReference; lastKnownFileType = sourcecode.swift; path = SceneDelegate.swift; sourceTree = "<group>"; };
		98A224D729BF2C3100695A71 /* Assets.xcassets */ = {isa = PBXFileReference; lastKnownFileType = folder.assetcatalog; path = Assets.xcassets; sourceTree = "<group>"; };
		98A224DA29BF2C3100695A71 /* Base */ = {isa = PBXFileReference; lastKnownFileType = file.storyboard; name = Base; path = Base.lproj/LaunchScreen.storyboard; sourceTree = "<group>"; };
		98A224DC29BF2C3100695A71 /* Info.plist */ = {isa = PBXFileReference; lastKnownFileType = text.plist.xml; path = Info.plist; sourceTree = "<group>"; };
		98A224E129BF2C3100695A71 /* FurnisTests.xctest */ = {isa = PBXFileReference; explicitFileType = wrapper.cfbundle; includeInIndex = 0; path = FurnisTests.xctest; sourceTree = BUILT_PRODUCTS_DIR; };
		98A224E529BF2C3100695A71 /* FurnisTests.swift */ = {isa = PBXFileReference; lastKnownFileType = sourcecode.swift; path = FurnisTests.swift; sourceTree = "<group>"; };
		98A224EB29BF2C3100695A71 /* FurnisUITests.xctest */ = {isa = PBXFileReference; explicitFileType = wrapper.cfbundle; includeInIndex = 0; path = FurnisUITests.xctest; sourceTree = BUILT_PRODUCTS_DIR; };
		98A224EF29BF2C3100695A71 /* FurnisUITests.swift */ = {isa = PBXFileReference; lastKnownFileType = sourcecode.swift; path = FurnisUITests.swift; sourceTree = "<group>"; };
		98A224F129BF2C3100695A71 /* FurnisUITestsLaunchTests.swift */ = {isa = PBXFileReference; lastKnownFileType = sourcecode.swift; path = FurnisUITestsLaunchTests.swift; sourceTree = "<group>"; };
		98A2250229BF40ED00695A71 /* AppCoordinator.swift */ = {isa = PBXFileReference; lastKnownFileType = sourcecode.swift; path = AppCoordinator.swift; sourceTree = "<group>"; };
		98A2250529BF41B700695A71 /* OnboardingViewController.swift */ = {isa = PBXFileReference; lastKnownFileType = sourcecode.swift; path = OnboardingViewController.swift; sourceTree = "<group>"; };
		98A2250729BF433200695A71 /* OnboardingPresenter.swift */ = {isa = PBXFileReference; lastKnownFileType = sourcecode.swift; path = OnboardingPresenter.swift; sourceTree = "<group>"; };
		98A2250929BF629700695A71 /* OnboardingView.swift */ = {isa = PBXFileReference; lastKnownFileType = sourcecode.swift; path = OnboardingView.swift; sourceTree = "<group>"; };
		98A2250F29BF886300695A71 /* UIColor+Extension.swift */ = {isa = PBXFileReference; lastKnownFileType = sourcecode.swift; path = "UIColor+Extension.swift"; sourceTree = "<group>"; };
		98A2251129BF887700695A71 /* UILabel+Extension.swift */ = {isa = PBXFileReference; lastKnownFileType = sourcecode.swift; path = "UILabel+Extension.swift"; sourceTree = "<group>"; };
		98BD058E29BFA22F008AA6DB /* AnimateableButton.swift */ = {isa = PBXFileReference; lastKnownFileType = sourcecode.swift; path = AnimateableButton.swift; sourceTree = "<group>"; };
/* End PBXFileReference section */

/* Begin PBXFrameworksBuildPhase section */
		98A224C829BF2C2F00695A71 /* Frameworks */ = {
			isa = PBXFrameworksBuildPhase;
			buildActionMask = 2147483647;
			files = (
				98A2250D29BF653E00695A71 /* SnapKit in Frameworks */,
			);
			runOnlyForDeploymentPostprocessing = 0;
		};
		98A224DE29BF2C3100695A71 /* Frameworks */ = {
			isa = PBXFrameworksBuildPhase;
			buildActionMask = 2147483647;
			files = (
			);
			runOnlyForDeploymentPostprocessing = 0;
		};
		98A224E829BF2C3100695A71 /* Frameworks */ = {
			isa = PBXFrameworksBuildPhase;
			buildActionMask = 2147483647;
			files = (
			);
			runOnlyForDeploymentPostprocessing = 0;
		};
/* End PBXFrameworksBuildPhase section */

/* Begin PBXGroup section */
		7F1F246929C2F3BB007938B7 /* Cell */ = {
			isa = PBXGroup;
			children = (
				7F1F246A29C2F3DE007938B7 /* BannerCollectionViewCell.swift */,
				7F1F247629C30650007938B7 /* FeaturedProductsCollectionViewCell.swift */,
			);
			path = Cell;
			sourceTree = "<group>";
		};
		7F1F246E29C301F5007938B7 /* Models */ = {
			isa = PBXGroup;
			children = (
				7F1F246F29C30207007938B7 /* AppLayouts.swift */,
				7F1F247429C30308007938B7 /* BannerDM.swift */,
				7F1F247829C3068E007938B7 /* FeaturedProductDM.swift */,
			);
			path = Models;
			sourceTree = "<group>";
		};
		7F1F247129C302C3007938B7 /* Headrs */ = {
			isa = PBXGroup;
			children = (
				7F1F247229C302D2007938B7 /* SectionDecorationView.swift */,
				7F1F247A29C3464C007938B7 /* FeaturedSectionHeaderView.swift */,
			);
			path = Headrs;
			sourceTree = "<group>";
		};
		7FDB3F7229C05C510020868A /* Main */ = {
			isa = PBXGroup;
			children = (
				7FDB3F7329C05C750020868A /* MainPageController.swift */,
				7FDB3F7529C05C840020868A /* MainPagePresenter.swift */,
				7FDB3F7729C05C8D0020868A /* MainPageView.swift */,
				7F1F247129C302C3007938B7 /* Headrs */,
				7F1F246929C2F3BB007938B7 /* Cell */,
			);
			path = Main;
			sourceTree = "<group>";
		};
		98A224C229BF2C2F00695A71 = {
			isa = PBXGroup;
			children = (
				98A224CD29BF2C2F00695A71 /* Furnis */,
				98A224E429BF2C3100695A71 /* FurnisTests */,
				98A224EE29BF2C3100695A71 /* FurnisUITests */,
				98A224CC29BF2C2F00695A71 /* Products */,
			);
			sourceTree = "<group>";
		};
		98A224CC29BF2C2F00695A71 /* Products */ = {
			isa = PBXGroup;
			children = (
				98A224CB29BF2C2F00695A71 /* Furnis.app */,
				98A224E129BF2C3100695A71 /* FurnisTests.xctest */,
				98A224EB29BF2C3100695A71 /* FurnisUITests.xctest */,
			);
			name = Products;
			sourceTree = "<group>";
		};
		98A224CD29BF2C2F00695A71 /* Furnis */ = {
			isa = PBXGroup;
			children = (
				7F1F246E29C301F5007938B7 /* Models */,
				98A224FE29BF345000695A71 /* App */,
				98A2250E29BF849D00695A71 /* Extensions */,
				98BD058D29BFA1E6008AA6DB /* Components */,
				98A224FF29BF346200695A71 /* Resources */,
				98A2250029BF347F00695A71 /* Screens */,
				98A2250129BF349300695A71 /* Services */,
			);
			path = Furnis;
			sourceTree = "<group>";
		};
		98A224E429BF2C3100695A71 /* FurnisTests */ = {
			isa = PBXGroup;
			children = (
				98A224E529BF2C3100695A71 /* FurnisTests.swift */,
			);
			path = FurnisTests;
			sourceTree = "<group>";
		};
		98A224EE29BF2C3100695A71 /* FurnisUITests */ = {
			isa = PBXGroup;
			children = (
				98A224EF29BF2C3100695A71 /* FurnisUITests.swift */,
				98A224F129BF2C3100695A71 /* FurnisUITestsLaunchTests.swift */,
			);
			path = FurnisUITests;
			sourceTree = "<group>";
		};
		98A224FE29BF345000695A71 /* App */ = {
			isa = PBXGroup;
			children = (
				98A224CE29BF2C2F00695A71 /* AppDelegate.swift */,
				98A224D029BF2C2F00695A71 /* SceneDelegate.swift */,
				98A2250229BF40ED00695A71 /* AppCoordinator.swift */,
				7FDB3F7929C05CB00020868A /* TabbarController.swift */,
			);
			path = App;
			sourceTree = "<group>";
		};
		98A224FF29BF346200695A71 /* Resources */ = {
			isa = PBXGroup;
			children = (
				98A224D929BF2C3100695A71 /* LaunchScreen.storyboard */,
				98A224D729BF2C3100695A71 /* Assets.xcassets */,
				98A224DC29BF2C3100695A71 /* Info.plist */,
			);
			path = Resources;
			sourceTree = "<group>";
		};
		98A2250029BF347F00695A71 /* Screens */ = {
			isa = PBXGroup;
			children = (
				98A2250429BF419D00695A71 /* Onboarding */,
				7FDB3F7229C05C510020868A /* Main */,
			);
			path = Screens;
			sourceTree = "<group>";
		};
		98A2250129BF349300695A71 /* Services */ = {
			isa = PBXGroup;
			children = (
			);
			path = Services;
			sourceTree = "<group>";
		};
		98A2250429BF419D00695A71 /* Onboarding */ = {
			isa = PBXGroup;
			children = (
				98A2250529BF41B700695A71 /* OnboardingViewController.swift */,
				98A2250729BF433200695A71 /* OnboardingPresenter.swift */,
				98A2250929BF629700695A71 /* OnboardingView.swift */,
			);
			path = Onboarding;
			sourceTree = "<group>";
		};
		98A2250E29BF849D00695A71 /* Extensions */ = {
			isa = PBXGroup;
			children = (
				98A2250F29BF886300695A71 /* UIColor+Extension.swift */,
				98A2251129BF887700695A71 /* UILabel+Extension.swift */,
				7F1F246C29C2F428007938B7 /* UIView + Extension.swift */,
			);
			path = Extensions;
			sourceTree = "<group>";
		};
		98BD058D29BFA1E6008AA6DB /* Components */ = {
			isa = PBXGroup;
			children = (
				98BD058E29BFA22F008AA6DB /* AnimateableButton.swift */,
				7FDB3F7B29C0746E0020868A /* NavigationBar.swift */,
			);
			path = Components;
			sourceTree = "<group>";
		};
/* End PBXGroup section */

/* Begin PBXNativeTarget section */
		98A224CA29BF2C2F00695A71 /* Furnis */ = {
			isa = PBXNativeTarget;
			buildConfigurationList = 98A224F529BF2C3100695A71 /* Build configuration list for PBXNativeTarget "Furnis" */;
			buildPhases = (
				98A224C729BF2C2F00695A71 /* Sources */,
				98A224C829BF2C2F00695A71 /* Frameworks */,
				98A224C929BF2C2F00695A71 /* Resources */,
			);
			buildRules = (
			);
			dependencies = (
			);
			name = Furnis;
			packageProductDependencies = (
				98A2250C29BF653E00695A71 /* SnapKit */,
			);
			productName = Furnis;
			productReference = 98A224CB29BF2C2F00695A71 /* Furnis.app */;
			productType = "com.apple.product-type.application";
		};
		98A224E029BF2C3100695A71 /* FurnisTests */ = {
			isa = PBXNativeTarget;
			buildConfigurationList = 98A224F829BF2C3100695A71 /* Build configuration list for PBXNativeTarget "FurnisTests" */;
			buildPhases = (
				98A224DD29BF2C3100695A71 /* Sources */,
				98A224DE29BF2C3100695A71 /* Frameworks */,
				98A224DF29BF2C3100695A71 /* Resources */,
			);
			buildRules = (
			);
			dependencies = (
				98A224E329BF2C3100695A71 /* PBXTargetDependency */,
			);
			name = FurnisTests;
			productName = FurnisTests;
			productReference = 98A224E129BF2C3100695A71 /* FurnisTests.xctest */;
			productType = "com.apple.product-type.bundle.unit-test";
		};
		98A224EA29BF2C3100695A71 /* FurnisUITests */ = {
			isa = PBXNativeTarget;
			buildConfigurationList = 98A224FB29BF2C3100695A71 /* Build configuration list for PBXNativeTarget "FurnisUITests" */;
			buildPhases = (
				98A224E729BF2C3100695A71 /* Sources */,
				98A224E829BF2C3100695A71 /* Frameworks */,
				98A224E929BF2C3100695A71 /* Resources */,
			);
			buildRules = (
			);
			dependencies = (
				98A224ED29BF2C3100695A71 /* PBXTargetDependency */,
			);
			name = FurnisUITests;
			productName = FurnisUITests;
			productReference = 98A224EB29BF2C3100695A71 /* FurnisUITests.xctest */;
			productType = "com.apple.product-type.bundle.ui-testing";
		};
/* End PBXNativeTarget section */

/* Begin PBXProject section */
		98A224C329BF2C2F00695A71 /* Project object */ = {
			isa = PBXProject;
			attributes = {
				BuildIndependentTargetsInParallel = 1;
				LastSwiftUpdateCheck = 1340;
				LastUpgradeCheck = 1340;
				TargetAttributes = {
					98A224CA29BF2C2F00695A71 = {
						CreatedOnToolsVersion = 13.4.1;
					};
					98A224E029BF2C3100695A71 = {
						CreatedOnToolsVersion = 13.4.1;
						TestTargetID = 98A224CA29BF2C2F00695A71;
					};
					98A224EA29BF2C3100695A71 = {
						CreatedOnToolsVersion = 13.4.1;
						TestTargetID = 98A224CA29BF2C2F00695A71;
					};
				};
			};
			buildConfigurationList = 98A224C629BF2C2F00695A71 /* Build configuration list for PBXProject "Furnis" */;
			compatibilityVersion = "Xcode 13.0";
			developmentRegion = en;
			hasScannedForEncodings = 0;
			knownRegions = (
				en,
				Base,
			);
			mainGroup = 98A224C229BF2C2F00695A71;
			packageReferences = (
				98A2250B29BF653E00695A71 /* XCRemoteSwiftPackageReference "SnapKit" */,
			);
			productRefGroup = 98A224CC29BF2C2F00695A71 /* Products */;
			projectDirPath = "";
			projectRoot = "";
			targets = (
				98A224CA29BF2C2F00695A71 /* Furnis */,
				98A224E029BF2C3100695A71 /* FurnisTests */,
				98A224EA29BF2C3100695A71 /* FurnisUITests */,
			);
		};
/* End PBXProject section */

/* Begin PBXResourcesBuildPhase section */
		98A224C929BF2C2F00695A71 /* Resources */ = {
			isa = PBXResourcesBuildPhase;
			buildActionMask = 2147483647;
			files = (
				98A224DB29BF2C3100695A71 /* LaunchScreen.storyboard in Resources */,
				98A224D829BF2C3100695A71 /* Assets.xcassets in Resources */,
			);
			runOnlyForDeploymentPostprocessing = 0;
		};
		98A224DF29BF2C3100695A71 /* Resources */ = {
			isa = PBXResourcesBuildPhase;
			buildActionMask = 2147483647;
			files = (
			);
			runOnlyForDeploymentPostprocessing = 0;
		};
		98A224E929BF2C3100695A71 /* Resources */ = {
			isa = PBXResourcesBuildPhase;
			buildActionMask = 2147483647;
			files = (
			);
			runOnlyForDeploymentPostprocessing = 0;
		};
/* End PBXResourcesBuildPhase section */

/* Begin PBXSourcesBuildPhase section */
		98A224C729BF2C2F00695A71 /* Sources */ = {
			isa = PBXSourcesBuildPhase;
			buildActionMask = 2147483647;
			files = (
				98A2251229BF887700695A71 /* UILabel+Extension.swift in Sources */,
				98A2251029BF886300695A71 /* UIColor+Extension.swift in Sources */,
				7F1F247329C302D2007938B7 /* SectionDecorationView.swift in Sources */,
				7FDB3F7829C05C8D0020868A /* MainPageView.swift in Sources */,
				7F1F246B29C2F3DE007938B7 /* BannerCollectionViewCell.swift in Sources */,
				7F1F246D29C2F428007938B7 /* UIView + Extension.swift in Sources */,
				7FDB3F7A29C05CB00020868A /* TabbarController.swift in Sources */,
				98A2250329BF40ED00695A71 /* AppCoordinator.swift in Sources */,
				98A2250629BF41B700695A71 /* OnboardingViewController.swift in Sources */,
				7FDB3F7629C05C840020868A /* MainPagePresenter.swift in Sources */,
				98BD058F29BFA22F008AA6DB /* AnimateableButton.swift in Sources */,
				7FDB3F7429C05C750020868A /* MainPageController.swift in Sources */,
				98A2250829BF433200695A71 /* OnboardingPresenter.swift in Sources */,
				7F1F247B29C3464C007938B7 /* FeaturedSectionHeaderView.swift in Sources */,
				7F1F247929C3068E007938B7 /* FeaturedProductDM.swift in Sources */,
				98A2250A29BF629700695A71 /* OnboardingView.swift in Sources */,
				7F1F247729C30650007938B7 /* FeaturedProductsCollectionViewCell.swift in Sources */,
				7F1F247029C30207007938B7 /* AppLayouts.swift in Sources */,
				7FDB3F7C29C0746E0020868A /* NavigationBar.swift in Sources */,
				98A224CF29BF2C2F00695A71 /* AppDelegate.swift in Sources */,
				7F1F247529C30308007938B7 /* BannerDM.swift in Sources */,
				98A224D129BF2C2F00695A71 /* SceneDelegate.swift in Sources */,
			);
			runOnlyForDeploymentPostprocessing = 0;
		};
		98A224DD29BF2C3100695A71 /* Sources */ = {
			isa = PBXSourcesBuildPhase;
			buildActionMask = 2147483647;
			files = (
				98A224E629BF2C3100695A71 /* FurnisTests.swift in Sources */,
			);
			runOnlyForDeploymentPostprocessing = 0;
		};
		98A224E729BF2C3100695A71 /* Sources */ = {
			isa = PBXSourcesBuildPhase;
			buildActionMask = 2147483647;
			files = (
				98A224F029BF2C3100695A71 /* FurnisUITests.swift in Sources */,
				98A224F229BF2C3100695A71 /* FurnisUITestsLaunchTests.swift in Sources */,
			);
			runOnlyForDeploymentPostprocessing = 0;
		};
/* End PBXSourcesBuildPhase section */

/* Begin PBXTargetDependency section */
		98A224E329BF2C3100695A71 /* PBXTargetDependency */ = {
			isa = PBXTargetDependency;
			target = 98A224CA29BF2C2F00695A71 /* Furnis */;
			targetProxy = 98A224E229BF2C3100695A71 /* PBXContainerItemProxy */;
		};
		98A224ED29BF2C3100695A71 /* PBXTargetDependency */ = {
			isa = PBXTargetDependency;
			target = 98A224CA29BF2C2F00695A71 /* Furnis */;
			targetProxy = 98A224EC29BF2C3100695A71 /* PBXContainerItemProxy */;
		};
/* End PBXTargetDependency section */

/* Begin PBXVariantGroup section */
		98A224D929BF2C3100695A71 /* LaunchScreen.storyboard */ = {
			isa = PBXVariantGroup;
			children = (
				98A224DA29BF2C3100695A71 /* Base */,
			);
			name = LaunchScreen.storyboard;
			sourceTree = "<group>";
		};
/* End PBXVariantGroup section */

/* Begin XCBuildConfiguration section */
		98A224F329BF2C3100695A71 /* Debug */ = {
			isa = XCBuildConfiguration;
			buildSettings = {
				ALWAYS_SEARCH_USER_PATHS = NO;
				CLANG_ANALYZER_NONNULL = YES;
				CLANG_ANALYZER_NUMBER_OBJECT_CONVERSION = YES_AGGRESSIVE;
				CLANG_CXX_LANGUAGE_STANDARD = "gnu++17";
				CLANG_ENABLE_MODULES = YES;
				CLANG_ENABLE_OBJC_ARC = YES;
				CLANG_ENABLE_OBJC_WEAK = YES;
				CLANG_WARN_BLOCK_CAPTURE_AUTORELEASING = YES;
				CLANG_WARN_BOOL_CONVERSION = YES;
				CLANG_WARN_COMMA = YES;
				CLANG_WARN_CONSTANT_CONVERSION = YES;
				CLANG_WARN_DEPRECATED_OBJC_IMPLEMENTATIONS = YES;
				CLANG_WARN_DIRECT_OBJC_ISA_USAGE = YES_ERROR;
				CLANG_WARN_DOCUMENTATION_COMMENTS = YES;
				CLANG_WARN_EMPTY_BODY = YES;
				CLANG_WARN_ENUM_CONVERSION = YES;
				CLANG_WARN_INFINITE_RECURSION = YES;
				CLANG_WARN_INT_CONVERSION = YES;
				CLANG_WARN_NON_LITERAL_NULL_CONVERSION = YES;
				CLANG_WARN_OBJC_IMPLICIT_RETAIN_SELF = YES;
				CLANG_WARN_OBJC_LITERAL_CONVERSION = YES;
				CLANG_WARN_OBJC_ROOT_CLASS = YES_ERROR;
				CLANG_WARN_QUOTED_INCLUDE_IN_FRAMEWORK_HEADER = YES;
				CLANG_WARN_RANGE_LOOP_ANALYSIS = YES;
				CLANG_WARN_STRICT_PROTOTYPES = YES;
				CLANG_WARN_SUSPICIOUS_MOVE = YES;
				CLANG_WARN_UNGUARDED_AVAILABILITY = YES_AGGRESSIVE;
				CLANG_WARN_UNREACHABLE_CODE = YES;
				CLANG_WARN__DUPLICATE_METHOD_MATCH = YES;
				COPY_PHASE_STRIP = NO;
				DEBUG_INFORMATION_FORMAT = dwarf;
				ENABLE_STRICT_OBJC_MSGSEND = YES;
				ENABLE_TESTABILITY = YES;
				GCC_C_LANGUAGE_STANDARD = gnu11;
				GCC_DYNAMIC_NO_PIC = NO;
				GCC_NO_COMMON_BLOCKS = YES;
				GCC_OPTIMIZATION_LEVEL = 0;
				GCC_PREPROCESSOR_DEFINITIONS = (
					"DEBUG=1",
					"$(inherited)",
				);
				GCC_WARN_64_TO_32_BIT_CONVERSION = YES;
				GCC_WARN_ABOUT_RETURN_TYPE = YES_ERROR;
				GCC_WARN_UNDECLARED_SELECTOR = YES;
				GCC_WARN_UNINITIALIZED_AUTOS = YES_AGGRESSIVE;
				GCC_WARN_UNUSED_FUNCTION = YES;
				GCC_WARN_UNUSED_VARIABLE = YES;
				IPHONEOS_DEPLOYMENT_TARGET = 15.5;
				MTL_ENABLE_DEBUG_INFO = INCLUDE_SOURCE;
				MTL_FAST_MATH = YES;
				ONLY_ACTIVE_ARCH = YES;
				SDKROOT = iphoneos;
				SWIFT_ACTIVE_COMPILATION_CONDITIONS = DEBUG;
				SWIFT_OPTIMIZATION_LEVEL = "-Onone";
			};
			name = Debug;
		};
		98A224F429BF2C3100695A71 /* Release */ = {
			isa = XCBuildConfiguration;
			buildSettings = {
				ALWAYS_SEARCH_USER_PATHS = NO;
				CLANG_ANALYZER_NONNULL = YES;
				CLANG_ANALYZER_NUMBER_OBJECT_CONVERSION = YES_AGGRESSIVE;
				CLANG_CXX_LANGUAGE_STANDARD = "gnu++17";
				CLANG_ENABLE_MODULES = YES;
				CLANG_ENABLE_OBJC_ARC = YES;
				CLANG_ENABLE_OBJC_WEAK = YES;
				CLANG_WARN_BLOCK_CAPTURE_AUTORELEASING = YES;
				CLANG_WARN_BOOL_CONVERSION = YES;
				CLANG_WARN_COMMA = YES;
				CLANG_WARN_CONSTANT_CONVERSION = YES;
				CLANG_WARN_DEPRECATED_OBJC_IMPLEMENTATIONS = YES;
				CLANG_WARN_DIRECT_OBJC_ISA_USAGE = YES_ERROR;
				CLANG_WARN_DOCUMENTATION_COMMENTS = YES;
				CLANG_WARN_EMPTY_BODY = YES;
				CLANG_WARN_ENUM_CONVERSION = YES;
				CLANG_WARN_INFINITE_RECURSION = YES;
				CLANG_WARN_INT_CONVERSION = YES;
				CLANG_WARN_NON_LITERAL_NULL_CONVERSION = YES;
				CLANG_WARN_OBJC_IMPLICIT_RETAIN_SELF = YES;
				CLANG_WARN_OBJC_LITERAL_CONVERSION = YES;
				CLANG_WARN_OBJC_ROOT_CLASS = YES_ERROR;
				CLANG_WARN_QUOTED_INCLUDE_IN_FRAMEWORK_HEADER = YES;
				CLANG_WARN_RANGE_LOOP_ANALYSIS = YES;
				CLANG_WARN_STRICT_PROTOTYPES = YES;
				CLANG_WARN_SUSPICIOUS_MOVE = YES;
				CLANG_WARN_UNGUARDED_AVAILABILITY = YES_AGGRESSIVE;
				CLANG_WARN_UNREACHABLE_CODE = YES;
				CLANG_WARN__DUPLICATE_METHOD_MATCH = YES;
				COPY_PHASE_STRIP = NO;
				DEBUG_INFORMATION_FORMAT = "dwarf-with-dsym";
				ENABLE_NS_ASSERTIONS = NO;
				ENABLE_STRICT_OBJC_MSGSEND = YES;
				GCC_C_LANGUAGE_STANDARD = gnu11;
				GCC_NO_COMMON_BLOCKS = YES;
				GCC_WARN_64_TO_32_BIT_CONVERSION = YES;
				GCC_WARN_ABOUT_RETURN_TYPE = YES_ERROR;
				GCC_WARN_UNDECLARED_SELECTOR = YES;
				GCC_WARN_UNINITIALIZED_AUTOS = YES_AGGRESSIVE;
				GCC_WARN_UNUSED_FUNCTION = YES;
				GCC_WARN_UNUSED_VARIABLE = YES;
				IPHONEOS_DEPLOYMENT_TARGET = 15.5;
				MTL_ENABLE_DEBUG_INFO = NO;
				MTL_FAST_MATH = YES;
				SDKROOT = iphoneos;
				SWIFT_COMPILATION_MODE = wholemodule;
				SWIFT_OPTIMIZATION_LEVEL = "-O";
				VALIDATE_PRODUCT = YES;
			};
			name = Release;
		};
		98A224F629BF2C3100695A71 /* Debug */ = {
			isa = XCBuildConfiguration;
			buildSettings = {
				ASSETCATALOG_COMPILER_APPICON_NAME = AppIcon;
				ASSETCATALOG_COMPILER_GLOBAL_ACCENT_COLOR_NAME = AccentColor;
				CODE_SIGN_STYLE = Automatic;
				CURRENT_PROJECT_VERSION = 1;
				DEVELOPMENT_TEAM = 9W6JC38Q8B;
				GENERATE_INFOPLIST_FILE = YES;
				INFOPLIST_FILE = Furnis/Resources/Info.plist;
				INFOPLIST_KEY_UIApplicationSupportsIndirectInputEvents = YES;
				INFOPLIST_KEY_UILaunchStoryboardName = LaunchScreen;
				INFOPLIST_KEY_UISupportedInterfaceOrientations_iPad = "UIInterfaceOrientationPortrait UIInterfaceOrientationPortraitUpsideDown UIInterfaceOrientationLandscapeLeft UIInterfaceOrientationLandscapeRight";
				INFOPLIST_KEY_UISupportedInterfaceOrientations_iPhone = "UIInterfaceOrientationPortrait UIInterfaceOrientationLandscapeLeft UIInterfaceOrientationLandscapeRight";
				IPHONEOS_DEPLOYMENT_TARGET = 14.0;
				LD_RUNPATH_SEARCH_PATHS = (
					"$(inherited)",
					"@executable_path/Frameworks",
				);
				MARKETING_VERSION = 1.0;
				PRODUCT_BUNDLE_IDENTIFIER = uz.azamxudjayev.Furnis;
				PRODUCT_NAME = "$(TARGET_NAME)";
				SWIFT_EMIT_LOC_STRINGS = YES;
				SWIFT_VERSION = 5.0;
				TARGETED_DEVICE_FAMILY = "1,2";
			};
			name = Debug;
		};
		98A224F729BF2C3100695A71 /* Release */ = {
			isa = XCBuildConfiguration;
			buildSettings = {
				ASSETCATALOG_COMPILER_APPICON_NAME = AppIcon;
				ASSETCATALOG_COMPILER_GLOBAL_ACCENT_COLOR_NAME = AccentColor;
				CODE_SIGN_STYLE = Automatic;
				CURRENT_PROJECT_VERSION = 1;
				DEVELOPMENT_TEAM = 9W6JC38Q8B;
				GENERATE_INFOPLIST_FILE = YES;
				INFOPLIST_FILE = Furnis/Resources/Info.plist;
				INFOPLIST_KEY_UIApplicationSupportsIndirectInputEvents = YES;
				INFOPLIST_KEY_UILaunchStoryboardName = LaunchScreen;
				INFOPLIST_KEY_UISupportedInterfaceOrientations_iPad = "UIInterfaceOrientationPortrait UIInterfaceOrientationPortraitUpsideDown UIInterfaceOrientationLandscapeLeft UIInterfaceOrientationLandscapeRight";
				INFOPLIST_KEY_UISupportedInterfaceOrientations_iPhone = "UIInterfaceOrientationPortrait UIInterfaceOrientationLandscapeLeft UIInterfaceOrientationLandscapeRight";
				IPHONEOS_DEPLOYMENT_TARGET = 14.0;
				LD_RUNPATH_SEARCH_PATHS = (
					"$(inherited)",
					"@executable_path/Frameworks",
				);
				MARKETING_VERSION = 1.0;
				PRODUCT_BUNDLE_IDENTIFIER = uz.azamxudjayev.Furnis;
				PRODUCT_NAME = "$(TARGET_NAME)";
				SWIFT_EMIT_LOC_STRINGS = YES;
				SWIFT_VERSION = 5.0;
				TARGETED_DEVICE_FAMILY = "1,2";
			};
			name = Release;
		};
		98A224F929BF2C3100695A71 /* Debug */ = {
			isa = XCBuildConfiguration;
			buildSettings = {
				ALWAYS_EMBED_SWIFT_STANDARD_LIBRARIES = YES;
				BUNDLE_LOADER = "$(TEST_HOST)";
				CODE_SIGN_STYLE = Automatic;
				CURRENT_PROJECT_VERSION = 1;
				GENERATE_INFOPLIST_FILE = YES;
				IPHONEOS_DEPLOYMENT_TARGET = 15.5;
				MARKETING_VERSION = 1.0;
				PRODUCT_BUNDLE_IDENTIFIER = uz.azamxudjayev.FurnisTests;
				PRODUCT_NAME = "$(TARGET_NAME)";
				SWIFT_EMIT_LOC_STRINGS = NO;
				SWIFT_VERSION = 5.0;
				TARGETED_DEVICE_FAMILY = "1,2";
				TEST_HOST = "$(BUILT_PRODUCTS_DIR)/Furnis.app/Furnis";
			};
			name = Debug;
		};
		98A224FA29BF2C3100695A71 /* Release */ = {
			isa = XCBuildConfiguration;
			buildSettings = {
				ALWAYS_EMBED_SWIFT_STANDARD_LIBRARIES = YES;
				BUNDLE_LOADER = "$(TEST_HOST)";
				CODE_SIGN_STYLE = Automatic;
				CURRENT_PROJECT_VERSION = 1;
				GENERATE_INFOPLIST_FILE = YES;
				IPHONEOS_DEPLOYMENT_TARGET = 15.5;
				MARKETING_VERSION = 1.0;
				PRODUCT_BUNDLE_IDENTIFIER = uz.azamxudjayev.FurnisTests;
				PRODUCT_NAME = "$(TARGET_NAME)";
				SWIFT_EMIT_LOC_STRINGS = NO;
				SWIFT_VERSION = 5.0;
				TARGETED_DEVICE_FAMILY = "1,2";
				TEST_HOST = "$(BUILT_PRODUCTS_DIR)/Furnis.app/Furnis";
			};
			name = Release;
		};
		98A224FC29BF2C3100695A71 /* Debug */ = {
			isa = XCBuildConfiguration;
			buildSettings = {
				ALWAYS_EMBED_SWIFT_STANDARD_LIBRARIES = YES;
				CODE_SIGN_STYLE = Automatic;
				CURRENT_PROJECT_VERSION = 1;
				GENERATE_INFOPLIST_FILE = YES;
				MARKETING_VERSION = 1.0;
				PRODUCT_BUNDLE_IDENTIFIER = uz.azamxudjayev.FurnisUITests;
				PRODUCT_NAME = "$(TARGET_NAME)";
				SWIFT_EMIT_LOC_STRINGS = NO;
				SWIFT_VERSION = 5.0;
				TARGETED_DEVICE_FAMILY = "1,2";
				TEST_TARGET_NAME = Furnis;
			};
			name = Debug;
		};
		98A224FD29BF2C3100695A71 /* Release */ = {
			isa = XCBuildConfiguration;
			buildSettings = {
				ALWAYS_EMBED_SWIFT_STANDARD_LIBRARIES = YES;
				CODE_SIGN_STYLE = Automatic;
				CURRENT_PROJECT_VERSION = 1;
				GENERATE_INFOPLIST_FILE = YES;
				MARKETING_VERSION = 1.0;
				PRODUCT_BUNDLE_IDENTIFIER = uz.azamxudjayev.FurnisUITests;
				PRODUCT_NAME = "$(TARGET_NAME)";
				SWIFT_EMIT_LOC_STRINGS = NO;
				SWIFT_VERSION = 5.0;
				TARGETED_DEVICE_FAMILY = "1,2";
				TEST_TARGET_NAME = Furnis;
			};
			name = Release;
		};
/* End XCBuildConfiguration section */

/* Begin XCConfigurationList section */
		98A224C629BF2C2F00695A71 /* Build configuration list for PBXProject "Furnis" */ = {
			isa = XCConfigurationList;
			buildConfigurations = (
				98A224F329BF2C3100695A71 /* Debug */,
				98A224F429BF2C3100695A71 /* Release */,
			);
			defaultConfigurationIsVisible = 0;
			defaultConfigurationName = Release;
		};
		98A224F529BF2C3100695A71 /* Build configuration list for PBXNativeTarget "Furnis" */ = {
			isa = XCConfigurationList;
			buildConfigurations = (
				98A224F629BF2C3100695A71 /* Debug */,
				98A224F729BF2C3100695A71 /* Release */,
			);
			defaultConfigurationIsVisible = 0;
			defaultConfigurationName = Release;
		};
		98A224F829BF2C3100695A71 /* Build configuration list for PBXNativeTarget "FurnisTests" */ = {
			isa = XCConfigurationList;
			buildConfigurations = (
				98A224F929BF2C3100695A71 /* Debug */,
				98A224FA29BF2C3100695A71 /* Release */,
			);
			defaultConfigurationIsVisible = 0;
			defaultConfigurationName = Release;
		};
		98A224FB29BF2C3100695A71 /* Build configuration list for PBXNativeTarget "FurnisUITests" */ = {
			isa = XCConfigurationList;
			buildConfigurations = (
				98A224FC29BF2C3100695A71 /* Debug */,
				98A224FD29BF2C3100695A71 /* Release */,
			);
			defaultConfigurationIsVisible = 0;
			defaultConfigurationName = Release;
		};
/* End XCConfigurationList section */

/* Begin XCRemoteSwiftPackageReference section */
		98A2250B29BF653E00695A71 /* XCRemoteSwiftPackageReference "SnapKit" */ = {
			isa = XCRemoteSwiftPackageReference;
			repositoryURL = "https://github.com/SnapKit/SnapKit";
			requirement = {
				kind = upToNextMajorVersion;
				minimumVersion = 5.0.0;
			};
		};
/* End XCRemoteSwiftPackageReference section */

/* Begin XCSwiftPackageProductDependency section */
		98A2250C29BF653E00695A71 /* SnapKit */ = {
			isa = XCSwiftPackageProductDependency;
			package = 98A2250B29BF653E00695A71 /* XCRemoteSwiftPackageReference "SnapKit" */;
			productName = SnapKit;
		};
/* End XCSwiftPackageProductDependency section */
	};
	rootObject = 98A224C329BF2C2F00695A71 /* Project object */;
}
